{
  "name": "LandingThowel",
  "lockfileVersion": 3,
  "requires": true,
  "packages": {
    "": {
      "dependencies": {
        "animejs": "^4.2.1"
      }
    },
    "node_modules/animejs": {
      "version": "4.2.1",
      "resolved": "https://registry.npmjs.org/animejs/-/animejs-4.2.1.tgz",
      "integrity": "sha512-KHtQ1fC89wc9Lsaos9hmadyr8FUenxUnaOfpK8Lr8oAVtu2KUzTwBcaHtfwNOnNdZbgQVQCEdy3KKqawerDutQ==",
      "license": "MIT",
      "funding": {
        "type": "github",
        "url": "https://github.com/sponsors/juliangarnier"
      }
    }
  }
}
